// !$*UTF8*$!
{
	archiveVersion = 1;
	classes = {
	};
	objectVersion = 46;
	objects = {

/* Begin PBXBuildFile section */
		1714EC9D1CE42D3F009AA8FF /* AppDelegate.swift in Sources */ = {isa = PBXBuildFile; fileRef = 1714EC9C1CE42D3F009AA8FF /* AppDelegate.swift */; };
		1714EC9F1CE42D3F009AA8FF /* LocationViewController.swift in Sources */ = {isa = PBXBuildFile; fileRef = 1714EC9E1CE42D3F009AA8FF /* LocationViewController.swift */; };
		1714ECA21CE42D3F009AA8FF /* Main.storyboard in Resources */ = {isa = PBXBuildFile; fileRef = 1714ECA01CE42D3F009AA8FF /* Main.storyboard */; };
		1714ECA41CE42D3F009AA8FF /* Assets.xcassets in Resources */ = {isa = PBXBuildFile; fileRef = 1714ECA31CE42D3F009AA8FF /* Assets.xcassets */; };
		1714ECA71CE42D3F009AA8FF /* LaunchScreen.storyboard in Resources */ = {isa = PBXBuildFile; fileRef = 1714ECA51CE42D3F009AA8FF /* LaunchScreen.storyboard */; };
		1714ECB21CE42D3F009AA8FF /* WhitherReportTests.swift in Sources */ = {isa = PBXBuildFile; fileRef = 1714ECB11CE42D3F009AA8FF /* WhitherReportTests.swift */; };
		177A873B1CE471C000007D70 /* WeatherData.swift in Sources */ = {isa = PBXBuildFile; fileRef = 177A873A1CE471C000007D70 /* WeatherData.swift */; };
		177A873D1CE4722400007D70 /* Weather.swift in Sources */ = {isa = PBXBuildFile; fileRef = 177A873C1CE4722400007D70 /* Weather.swift */; };
		17CB0B501CE43D080081D5F1 /* Location.swift in Sources */ = {isa = PBXBuildFile; fileRef = 17CB0B4F1CE43D080081D5F1 /* Location.swift */; };
		17CB0B511CE43D080081D5F1 /* Location.swift in Sources */ = {isa = PBXBuildFile; fileRef = 17CB0B4F1CE43D080081D5F1 /* Location.swift */; };
		17CB0B531CE442350081D5F1 /* LocationTableViewCell.swift in Sources */ = {isa = PBXBuildFile; fileRef = 17CB0B521CE442350081D5F1 /* LocationTableViewCell.swift */; };
		17CB0B541CE442350081D5F1 /* LocationTableViewCell.swift in Sources */ = {isa = PBXBuildFile; fileRef = 17CB0B521CE442350081D5F1 /* LocationTableViewCell.swift */; };
		17CB0B561CE4477E0081D5F1 /* LocationTableViewController.swift in Sources */ = {isa = PBXBuildFile; fileRef = 17CB0B551CE4477E0081D5F1 /* LocationTableViewController.swift */; };
		17CB0B571CE4477E0081D5F1 /* LocationTableViewController.swift in Sources */ = {isa = PBXBuildFile; fileRef = 17CB0B551CE4477E0081D5F1 /* LocationTableViewController.swift */; };
		62531D9B4683B49B16860B92 /* Pods_WhitherReport.framework in Frameworks */ = {isa = PBXBuildFile; fileRef = 66A598FD162CAEFE7F5C1DA4 /* Pods_WhitherReport.framework */; };
/* End PBXBuildFile section */

/* Begin PBXContainerItemProxy section */
		1714ECAE1CE42D3F009AA8FF /* PBXContainerItemProxy */ = {
			isa = PBXContainerItemProxy;
			containerPortal = 1714EC911CE42D3F009AA8FF /* Project object */;
			proxyType = 1;
			remoteGlobalIDString = 1714EC981CE42D3F009AA8FF;
			remoteInfo = WhitherReport;
		};
/* End PBXContainerItemProxy section */

/* Begin PBXFileReference section */
		1714EC991CE42D3F009AA8FF /* WhitherReport.app */ = {isa = PBXFileReference; explicitFileType = wrapper.application; includeInIndex = 0; path = WhitherReport.app; sourceTree = BUILT_PRODUCTS_DIR; };
		1714EC9C1CE42D3F009AA8FF /* AppDelegate.swift */ = {isa = PBXFileReference; lastKnownFileType = sourcecode.swift; path = AppDelegate.swift; sourceTree = "<group>"; };
		1714EC9E1CE42D3F009AA8FF /* LocationViewController.swift */ = {isa = PBXFileReference; lastKnownFileType = sourcecode.swift; path = LocationViewController.swift; sourceTree = "<group>"; };
		1714ECA11CE42D3F009AA8FF /* Base */ = {isa = PBXFileReference; lastKnownFileType = file.storyboard; name = Base; path = Base.lproj/Main.storyboard; sourceTree = "<group>"; };
		1714ECA31CE42D3F009AA8FF /* Assets.xcassets */ = {isa = PBXFileReference; lastKnownFileType = folder.assetcatalog; path = Assets.xcassets; sourceTree = "<group>"; };
		1714ECA61CE42D3F009AA8FF /* Base */ = {isa = PBXFileReference; lastKnownFileType = file.storyboard; name = Base; path = Base.lproj/LaunchScreen.storyboard; sourceTree = "<group>"; };
		1714ECA81CE42D3F009AA8FF /* Info.plist */ = {isa = PBXFileReference; lastKnownFileType = text.plist.xml; path = Info.plist; sourceTree = "<group>"; };
		1714ECAD1CE42D3F009AA8FF /* WhitherReportTests.xctest */ = {isa = PBXFileReference; explicitFileType = wrapper.cfbundle; includeInIndex = 0; path = WhitherReportTests.xctest; sourceTree = BUILT_PRODUCTS_DIR; };
		1714ECB11CE42D3F009AA8FF /* WhitherReportTests.swift */ = {isa = PBXFileReference; lastKnownFileType = sourcecode.swift; path = WhitherReportTests.swift; sourceTree = "<group>"; };
		1714ECB31CE42D3F009AA8FF /* Info.plist */ = {isa = PBXFileReference; lastKnownFileType = text.plist.xml; path = Info.plist; sourceTree = "<group>"; };
		177A873A1CE471C000007D70 /* WeatherData.swift */ = {isa = PBXFileReference; fileEncoding = 4; lastKnownFileType = sourcecode.swift; path = WeatherData.swift; sourceTree = "<group>"; };
		177A873C1CE4722400007D70 /* Weather.swift */ = {isa = PBXFileReference; fileEncoding = 4; lastKnownFileType = sourcecode.swift; path = Weather.swift; sourceTree = "<group>"; };
		17CB0B4F1CE43D080081D5F1 /* Location.swift */ = {isa = PBXFileReference; fileEncoding = 4; lastKnownFileType = sourcecode.swift; path = Location.swift; sourceTree = "<group>"; };
		17CB0B521CE442350081D5F1 /* LocationTableViewCell.swift */ = {isa = PBXFileReference; fileEncoding = 4; lastKnownFileType = sourcecode.swift; path = LocationTableViewCell.swift; sourceTree = "<group>"; };
		17CB0B551CE4477E0081D5F1 /* LocationTableViewController.swift */ = {isa = PBXFileReference; fileEncoding = 4; lastKnownFileType = sourcecode.swift; path = LocationTableViewController.swift; sourceTree = "<group>"; };
		1940725B633C0173BEED13E0 /* Pods-WhitherReport.debug.xcconfig */ = {isa = PBXFileReference; includeInIndex = 1; lastKnownFileType = text.xcconfig; name = "Pods-WhitherReport.debug.xcconfig"; path = "Pods/Target Support Files/Pods-WhitherReport/Pods-WhitherReport.debug.xcconfig"; sourceTree = "<group>"; };
		66A598FD162CAEFE7F5C1DA4 /* Pods_WhitherReport.framework */ = {isa = PBXFileReference; explicitFileType = wrapper.framework; includeInIndex = 0; path = Pods_WhitherReport.framework; sourceTree = BUILT_PRODUCTS_DIR; };
		AC5474691ED206F34C58E763 /* Pods-WhitherReport.release.xcconfig */ = {isa = PBXFileReference; includeInIndex = 1; lastKnownFileType = text.xcconfig; name = "Pods-WhitherReport.release.xcconfig"; path = "Pods/Target Support Files/Pods-WhitherReport/Pods-WhitherReport.release.xcconfig"; sourceTree = "<group>"; };
/* End PBXFileReference section */

/* Begin PBXFrameworksBuildPhase section */
		1714EC961CE42D3F009AA8FF /* Frameworks */ = {
			isa = PBXFrameworksBuildPhase;
			buildActionMask = 2147483647;
			files = (
				62531D9B4683B49B16860B92 /* Pods_WhitherReport.framework in Frameworks */,
			);
			runOnlyForDeploymentPostprocessing = 0;
		};
		1714ECAA1CE42D3F009AA8FF /* Frameworks */ = {
			isa = PBXFrameworksBuildPhase;
			buildActionMask = 2147483647;
			files = (
			);
			runOnlyForDeploymentPostprocessing = 0;
		};
/* End PBXFrameworksBuildPhase section */

/* Begin PBXGroup section */
		1714EC901CE42D3F009AA8FF = {
			isa = PBXGroup;
			children = (
				1714EC9B1CE42D3F009AA8FF /* WhitherReport */,
				1714ECB01CE42D3F009AA8FF /* WhitherReportTests */,
				1714EC9A1CE42D3F009AA8FF /* Products */,
				9D7ADFAB8DE9C2369C4AE70C /* Pods */,
				34AB7EFB5CAC22D9158E8FAF /* Frameworks */,
			);
			sourceTree = "<group>";
		};
		1714EC9A1CE42D3F009AA8FF /* Products */ = {
			isa = PBXGroup;
			children = (
				1714EC991CE42D3F009AA8FF /* WhitherReport.app */,
				1714ECAD1CE42D3F009AA8FF /* WhitherReportTests.xctest */,
			);
			name = Products;
			sourceTree = "<group>";
		};
		1714EC9B1CE42D3F009AA8FF /* WhitherReport */ = {
			isa = PBXGroup;
			children = (
				177A87371CE4700700007D70 /* Model */,
				177A87381CE4701200007D70 /* View */,
				177A87391CE4701800007D70 /* Controller */,
				1714ECA01CE42D3F009AA8FF /* Main.storyboard */,
				1714EC9C1CE42D3F009AA8FF /* AppDelegate.swift */,
				1714ECA31CE42D3F009AA8FF /* Assets.xcassets */,
				1714ECA51CE42D3F009AA8FF /* LaunchScreen.storyboard */,
				1714ECA81CE42D3F009AA8FF /* Info.plist */,
			);
			path = WhitherReport;
			sourceTree = "<group>";
		};
		1714ECB01CE42D3F009AA8FF /* WhitherReportTests */ = {
			isa = PBXGroup;
			children = (
				1714ECB11CE42D3F009AA8FF /* WhitherReportTests.swift */,
				1714ECB31CE42D3F009AA8FF /* Info.plist */,
			);
			path = WhitherReportTests;
			sourceTree = "<group>";
		};
		177A87371CE4700700007D70 /* Model */ = {
			isa = PBXGroup;
			children = (
				17CB0B4F1CE43D080081D5F1 /* Location.swift */,
				177A873A1CE471C000007D70 /* WeatherData.swift */,
				177A873C1CE4722400007D70 /* Weather.swift */,
			);
			name = Model;
			sourceTree = "<group>";
		};
		177A87381CE4701200007D70 /* View */ = {
			isa = PBXGroup;
			children = (
				17CB0B521CE442350081D5F1 /* LocationTableViewCell.swift */,
			);
			name = View;
			sourceTree = "<group>";
		};
		177A87391CE4701800007D70 /* Controller */ = {
			isa = PBXGroup;
			children = (
				1714EC9E1CE42D3F009AA8FF /* LocationViewController.swift */,
				17CB0B551CE4477E0081D5F1 /* LocationTableViewController.swift */,
			);
			name = Controller;
			sourceTree = "<group>";
		};
		34AB7EFB5CAC22D9158E8FAF /* Frameworks */ = {
			isa = PBXGroup;
			children = (
				66A598FD162CAEFE7F5C1DA4 /* Pods_WhitherReport.framework */,
			);
			name = Frameworks;
			sourceTree = "<group>";
		};
		9D7ADFAB8DE9C2369C4AE70C /* Pods */ = {
			isa = PBXGroup;
			children = (
				1940725B633C0173BEED13E0 /* Pods-WhitherReport.debug.xcconfig */,
				AC5474691ED206F34C58E763 /* Pods-WhitherReport.release.xcconfig */,
			);
			name = Pods;
			sourceTree = "<group>";
		};
/* End PBXGroup section */

/* Begin PBXNativeTarget section */
		1714EC981CE42D3F009AA8FF /* WhitherReport */ = {
			isa = PBXNativeTarget;
			buildConfigurationList = 1714ECB61CE42D3F009AA8FF /* Build configuration list for PBXNativeTarget "WhitherReport" */;
			buildPhases = (
				57B6B3DE7E8A738F1156BDBC /* Check Pods Manifest.lock */,
				1714EC951CE42D3F009AA8FF /* Sources */,
				1714EC961CE42D3F009AA8FF /* Frameworks */,
				1714EC971CE42D3F009AA8FF /* Resources */,
				E12CC48496E66E37473D8099 /* Embed Pods Frameworks */,
				1D7ECF2EAA351E7465908B83 /* Copy Pods Resources */,
			);
			buildRules = (
			);
			dependencies = (
			);
			name = WhitherReport;
			productName = WhitherReport;
			productReference = 1714EC991CE42D3F009AA8FF /* WhitherReport.app */;
			productType = "com.apple.product-type.application";
		};
		1714ECAC1CE42D3F009AA8FF /* WhitherReportTests */ = {
			isa = PBXNativeTarget;
			buildConfigurationList = 1714ECB91CE42D3F009AA8FF /* Build configuration list for PBXNativeTarget "WhitherReportTests" */;
			buildPhases = (
				1714ECA91CE42D3F009AA8FF /* Sources */,
				1714ECAA1CE42D3F009AA8FF /* Frameworks */,
				1714ECAB1CE42D3F009AA8FF /* Resources */,
			);
			buildRules = (
			);
			dependencies = (
				1714ECAF1CE42D3F009AA8FF /* PBXTargetDependency */,
			);
			name = WhitherReportTests;
			productName = WhitherReportTests;
			productReference = 1714ECAD1CE42D3F009AA8FF /* WhitherReportTests.xctest */;
			productType = "com.apple.product-type.bundle.unit-test";
		};
/* End PBXNativeTarget section */

/* Begin PBXProject section */
		1714EC911CE42D3F009AA8FF /* Project object */ = {
			isa = PBXProject;
			attributes = {
				LastSwiftUpdateCheck = 0730;
				LastUpgradeCheck = 0730;
				ORGANIZATIONNAME = "KevCol Labs LLC";
				TargetAttributes = {
					1714EC981CE42D3F009AA8FF = {
						CreatedOnToolsVersion = 7.3.1;
					};
					1714ECAC1CE42D3F009AA8FF = {
						CreatedOnToolsVersion = 7.3.1;
						TestTargetID = 1714EC981CE42D3F009AA8FF;
					};
				};
			};
			buildConfigurationList = 1714EC941CE42D3F009AA8FF /* Build configuration list for PBXProject "WhitherReport" */;
			compatibilityVersion = "Xcode 3.2";
			developmentRegion = English;
			hasScannedForEncodings = 0;
			knownRegions = (
				en,
				Base,
			);
			mainGroup = 1714EC901CE42D3F009AA8FF;
			productRefGroup = 1714EC9A1CE42D3F009AA8FF /* Products */;
			projectDirPath = "";
			projectRoot = "";
			targets = (
				1714EC981CE42D3F009AA8FF /* WhitherReport */,
				1714ECAC1CE42D3F009AA8FF /* WhitherReportTests */,
			);
		};
/* End PBXProject section */

/* Begin PBXResourcesBuildPhase section */
		1714EC971CE42D3F009AA8FF /* Resources */ = {
			isa = PBXResourcesBuildPhase;
			buildActionMask = 2147483647;
			files = (
				1714ECA71CE42D3F009AA8FF /* LaunchScreen.storyboard in Resources */,
				1714ECA41CE42D3F009AA8FF /* Assets.xcassets in Resources */,
				1714ECA21CE42D3F009AA8FF /* Main.storyboard in Resources */,
			);
			runOnlyForDeploymentPostprocessing = 0;
		};
		1714ECAB1CE42D3F009AA8FF /* Resources */ = {
			isa = PBXResourcesBuildPhase;
			buildActionMask = 2147483647;
			files = (
			);
			runOnlyForDeploymentPostprocessing = 0;
		};
/* End PBXResourcesBuildPhase section */

/* Begin PBXShellScriptBuildPhase section */
		1D7ECF2EAA351E7465908B83 /* Copy Pods Resources */ = {
			isa = PBXShellScriptBuildPhase;
			buildActionMask = 2147483647;
			files = (
			);
			inputPaths = (
			);
			name = "Copy Pods Resources";
			outputPaths = (
			);
			runOnlyForDeploymentPostprocessing = 0;
			shellPath = /bin/sh;
			shellScript = "\"${SRCROOT}/Pods/Target Support Files/Pods-WhitherReport/Pods-WhitherReport-resources.sh\"\n";
			showEnvVarsInLog = 0;
		};
		57B6B3DE7E8A738F1156BDBC /* Check Pods Manifest.lock */ = {
			isa = PBXShellScriptBuildPhase;
			buildActionMask = 2147483647;
			files = (
			);
			inputPaths = (
			);
			name = "Check Pods Manifest.lock";
			outputPaths = (
			);
			runOnlyForDeploymentPostprocessing = 0;
			shellPath = /bin/sh;
			shellScript = "diff \"${PODS_ROOT}/../Podfile.lock\" \"${PODS_ROOT}/Manifest.lock\" > /dev/null\nif [[ $? != 0 ]] ; then\n    cat << EOM\nerror: The sandbox is not in sync with the Podfile.lock. Run 'pod install' or update your CocoaPods installation.\nEOM\n    exit 1\nfi\n";
			showEnvVarsInLog = 0;
		};
		E12CC48496E66E37473D8099 /* Embed Pods Frameworks */ = {
			isa = PBXShellScriptBuildPhase;
			buildActionMask = 2147483647;
			files = (
			);
			inputPaths = (
			);
			name = "Embed Pods Frameworks";
			outputPaths = (
			);
			runOnlyForDeploymentPostprocessing = 0;
			shellPath = /bin/sh;
			shellScript = "\"${SRCROOT}/Pods/Target Support Files/Pods-WhitherReport/Pods-WhitherReport-frameworks.sh\"\n";
			showEnvVarsInLog = 0;
		};
/* End PBXShellScriptBuildPhase section */

/* Begin PBXSourcesBuildPhase section */
		1714EC951CE42D3F009AA8FF /* Sources */ = {
			isa = PBXSourcesBuildPhase;
			buildActionMask = 2147483647;
			files = (
				1714EC9F1CE42D3F009AA8FF /* LocationViewController.swift in Sources */,
				17CB0B501CE43D080081D5F1 /* Location.swift in Sources */,
				17CB0B531CE442350081D5F1 /* LocationTableViewCell.swift in Sources */,
				17CB0B561CE4477E0081D5F1 /* LocationTableViewController.swift in Sources */,
				177A873B1CE471C000007D70 /* WeatherData.swift in Sources */,
				1714EC9D1CE42D3F009AA8FF /* AppDelegate.swift in Sources */,
				177A873D1CE4722400007D70 /* Weather.swift in Sources */,
			);
			runOnlyForDeploymentPostprocessing = 0;
		};
		1714ECA91CE42D3F009AA8FF /* Sources */ = {
			isa = PBXSourcesBuildPhase;
			buildActionMask = 2147483647;
			files = (
				17CB0B571CE4477E0081D5F1 /* LocationTableViewController.swift in Sources */,
				17CB0B541CE442350081D5F1 /* LocationTableViewCell.swift in Sources */,
				17CB0B511CE43D080081D5F1 /* Location.swift in Sources */,
				1714ECB21CE42D3F009AA8FF /* WhitherReportTests.swift in Sources */,
			);
			runOnlyForDeploymentPostprocessing = 0;
		};
/* End PBXSourcesBuildPhase section */

/* Begin PBXTargetDependency section */
		1714ECAF1CE42D3F009AA8FF /* PBXTargetDependency */ = {
			isa = PBXTargetDependency;
			target = 1714EC981CE42D3F009AA8FF /* WhitherReport */;
			targetProxy = 1714ECAE1CE42D3F009AA8FF /* PBXContainerItemProxy */;
		};
/* End PBXTargetDependency section */

/* Begin PBXVariantGroup section */
		1714ECA01CE42D3F009AA8FF /* Main.storyboard */ = {
			isa = PBXVariantGroup;
			children = (
				1714ECA11CE42D3F009AA8FF /* Base */,
			);
			name = Main.storyboard;
			sourceTree = "<group>";
		};
		1714ECA51CE42D3F009AA8FF /* LaunchScreen.storyboard */ = {
			isa = PBXVariantGroup;
			children = (
				1714ECA61CE42D3F009AA8FF /* Base */,
			);
			name = LaunchScreen.storyboard;
			sourceTree = "<group>";
		};
/* End PBXVariantGroup section */

/* Begin XCBuildConfiguration section */
		1714ECB41CE42D3F009AA8FF /* Debug */ = {
			isa = XCBuildConfiguration;
			buildSettings = {
				ALWAYS_SEARCH_USER_PATHS = NO;
				CLANG_ANALYZER_NONNULL = YES;
				CLANG_CXX_LANGUAGE_STANDARD = "gnu++0x";
				CLANG_CXX_LIBRARY = "libc++";
				CLANG_ENABLE_MODULES = YES;
				CLANG_ENABLE_OBJC_ARC = YES;
				CLANG_WARN_BOOL_CONVERSION = YES;
				CLANG_WARN_CONSTANT_CONVERSION = YES;
				CLANG_WARN_DIRECT_OBJC_ISA_USAGE = YES_ERROR;
				CLANG_WARN_EMPTY_BODY = YES;
				CLANG_WARN_ENUM_CONVERSION = YES;
				CLANG_WARN_INT_CONVERSION = YES;
				CLANG_WARN_OBJC_ROOT_CLASS = YES_ERROR;
				CLANG_WARN_UNREACHABLE_CODE = YES;
				CLANG_WARN__DUPLICATE_METHOD_MATCH = YES;
				"CODE_SIGN_IDENTITY[sdk=iphoneos*]" = "iPhone Developer";
				COPY_PHASE_STRIP = NO;
				DEBUG_INFORMATION_FORMAT = dwarf;
				ENABLE_STRICT_OBJC_MSGSEND = YES;
				ENABLE_TESTABILITY = YES;
				GCC_C_LANGUAGE_STANDARD = gnu99;
				GCC_DYNAMIC_NO_PIC = NO;
				GCC_NO_COMMON_BLOCKS = YES;
				GCC_OPTIMIZATION_LEVEL = 0;
				GCC_PREPROCESSOR_DEFINITIONS = (
					"DEBUG=1",
					"$(inherited)",
				);
				GCC_WARN_64_TO_32_BIT_CONVERSION = YES;
				GCC_WARN_ABOUT_RETURN_TYPE = YES_ERROR;
				GCC_WARN_UNDECLARED_SELECTOR = YES;
				GCC_WARN_UNINITIALIZED_AUTOS = YES_AGGRESSIVE;
				GCC_WARN_UNUSED_FUNCTION = YES;
				GCC_WARN_UNUSED_VARIABLE = YES;
				IPHONEOS_DEPLOYMENT_TARGET = 9.3;
				MTL_ENABLE_DEBUG_INFO = YES;
				ONLY_ACTIVE_ARCH = YES;
				SDKROOT = iphoneos;
				SWIFT_OPTIMIZATION_LEVEL = "-Onone";
				TARGETED_DEVICE_FAMILY = "1,2";
			};
			name = Debug;
		};
		1714ECB51CE42D3F009AA8FF /* Release */ = {
			isa = XCBuildConfiguration;
			buildSettings = {
				ALWAYS_SEARCH_USER_PATHS = NO;
				CLANG_ANALYZER_NONNULL = YES;
				CLANG_CXX_LANGUAGE_STANDARD = "gnu++0x";
				CLANG_CXX_LIBRARY = "libc++";
				CLANG_ENABLE_MODULES = YES;
				CLANG_ENABLE_OBJC_ARC = YES;
				CLANG_WARN_BOOL_CONVERSION = YES;
				CLANG_WARN_CONSTANT_CONVERSION = YES;
				CLANG_WARN_DIRECT_OBJC_ISA_USAGE = YES_ERROR;
				CLANG_WARN_EMPTY_BODY = YES;
				CLANG_WARN_ENUM_CONVERSION = YES;
				CLANG_WARN_INT_CONVERSION = YES;
				CLANG_WARN_OBJC_ROOT_CLASS = YES_ERROR;
				CLANG_WARN_UNREACHABLE_CODE = YES;
				CLANG_WARN__DUPLICATE_METHOD_MATCH = YES;
				"CODE_SIGN_IDENTITY[sdk=iphoneos*]" = "iPhone Developer";
				COPY_PHASE_STRIP = NO;
				DEBUG_INFORMATION_FORMAT = "dwarf-with-dsym";
				ENABLE_NS_ASSERTIONS = NO;
				ENABLE_STRICT_OBJC_MSGSEND = YES;
				GCC_C_LANGUAGE_STANDARD = gnu99;
				GCC_NO_COMMON_BLOCKS = YES;
				GCC_WARN_64_TO_32_BIT_CONVERSION = YES;
				GCC_WARN_ABOUT_RETURN_TYPE = YES_ERROR;
				GCC_WARN_UNDECLARED_SELECTOR = YES;
				GCC_WARN_UNINITIALIZED_AUTOS = YES_AGGRESSIVE;
				GCC_WARN_UNUSED_FUNCTION = YES;
				GCC_WARN_UNUSED_VARIABLE = YES;
				IPHONEOS_DEPLOYMENT_TARGET = 9.3;
				MTL_ENABLE_DEBUG_INFO = NO;
				SDKROOT = iphoneos;
				TARGETED_DEVICE_FAMILY = "1,2";
				VALIDATE_PRODUCT = YES;
			};
			name = Release;
		};
		1714ECB71CE42D3F009AA8FF /* Debug */ = {
			isa = XCBuildConfiguration;
			baseConfigurationReference = 1940725B633C0173BEED13E0 /* Pods-WhitherReport.debug.xcconfig */;
			buildSettings = {
				ASSETCATALOG_COMPILER_APPICON_NAME = AppIcon;
				INFOPLIST_FILE = WhitherReport/Info.plist;
				LD_RUNPATH_SEARCH_PATHS = "$(inherited) @executable_path/Frameworks";
				PRODUCT_BUNDLE_IDENTIFIER = com.kevcollabs.WhitherReport;
				PRODUCT_NAME = "$(TARGET_NAME)";
			};
			name = Debug;
		};
		1714ECB81CE42D3F009AA8FF /* Release */ = {
			isa = XCBuildConfiguration;
			baseConfigurationReference = AC5474691ED206F34C58E763 /* Pods-WhitherReport.release.xcconfig */;
			buildSettings = {
				ASSETCATALOG_COMPILER_APPICON_NAME = AppIcon;
				INFOPLIST_FILE = WhitherReport/Info.plist;
				LD_RUNPATH_SEARCH_PATHS = "$(inherited) @executable_path/Frameworks";
				PRODUCT_BUNDLE_IDENTIFIER = com.kevcollabs.WhitherReport;
				PRODUCT_NAME = "$(TARGET_NAME)";
			};
			name = Release;
		};
		1714ECBA1CE42D3F009AA8FF /* Debug */ = {
			isa = XCBuildConfiguration;
			buildSettings = {
				BUNDLE_LOADER = "$(TEST_HOST)";
				INFOPLIST_FILE = WhitherReportTests/Info.plist;
				LD_RUNPATH_SEARCH_PATHS = "$(inherited) @executable_path/Frameworks @loader_path/Frameworks";
				PRODUCT_BUNDLE_IDENTIFIER = com.kevcollabs.WhitherReportTests;
				PRODUCT_NAME = "$(TARGET_NAME)";
				TEST_HOST = "$(BUILT_PRODUCTS_DIR)/WhitherReport.app/WhitherReport";
			};
			name = Debug;
		};
		1714ECBB1CE42D3F009AA8FF /* Release */ = {
			isa = XCBuildConfiguration;
			buildSettings = {
				BUNDLE_LOADER = "$(TEST_HOST)";
				INFOPLIST_FILE = WhitherReportTests/Info.plist;
				LD_RUNPATH_SEARCH_PATHS = "$(inherited) @executable_path/Frameworks @loader_path/Frameworks";
				PRODUCT_BUNDLE_IDENTIFIER = com.kevcollabs.WhitherReportTests;
				PRODUCT_NAME = "$(TARGET_NAME)";
				TEST_HOST = "$(BUILT_PRODUCTS_DIR)/WhitherReport.app/WhitherReport";
			};
			name = Release;
		};
/* End XCBuildConfiguration section */

/* Begin XCConfigurationList section */
		1714EC941CE42D3F009AA8FF /* Build configuration list for PBXProject "WhitherReport" */ = {
			isa = XCConfigurationList;
			buildConfigurations = (
				1714ECB41CE42D3F009AA8FF /* Debug */,
				1714ECB51CE42D3F009AA8FF /* Release */,
			);
			defaultConfigurationIsVisible = 0;
			defaultConfigurationName = Release;
		};
		1714ECB61CE42D3F009AA8FF /* Build configuration list for PBXNativeTarget "WhitherReport" */ = {
			isa = XCConfigurationList;
			buildConfigurations = (
				1714ECB71CE42D3F009AA8FF /* Debug */,
				1714ECB81CE42D3F009AA8FF /* Release */,
			);
			defaultConfigurationIsVisible = 0;
			defaultConfigurationName = Release;
		};
		1714ECB91CE42D3F009AA8FF /* Build configuration list for PBXNativeTarget "WhitherReportTests" */ = {
			isa = XCConfigurationList;
			buildConfigurations = (
				1714ECBA1CE42D3F009AA8FF /* Debug */,
				1714ECBB1CE42D3F009AA8FF /* Release */,
			);
			defaultConfigurationIsVisible = 0;
			defaultConfigurationName = Release;
		};
/* End XCConfigurationList section */
	};
	rootObject = 1714EC911CE42D3F009AA8FF /* Project object */;
}
